
Microsoft Visual Studio Solution File, Format Version 12.00
# Visual Studio Version 16
VisualStudioVersion = 16.0.30523.141
MinimumVisualStudioVersion = 10.0.40219.1
Project("{FAE04EC0-301F-11D3-BF4B-00C04F79EFBC}") = "VNC.ActiveDirectoryHelper", "VNC.ActiveDirectoryHelper\VNC.ActiveDirectoryHelper.csproj", "{1032CE4C-4274-476A-8AEF-7147241D4B4A}"
EndProject
Project("{FAE04EC0-301F-11D3-BF4B-00C04F79EFBC}") = "VNC.AssemblyHelper", "VNC.AssemblyHelper\VNC.AssemblyHelper.csproj", "{92DA2719-D048-4CCE-86C8-B18B7E6A06F0}"
EndProject
Project("{FAE04EC0-301F-11D3-BF4B-00C04F79EFBC}") = "VNC.CodeAnalysis", "VNC.CodeAnalysis\VNC.CodeAnalysis.csproj", "{9D21B031-3BFE-44B1-A622-D500230F90A7}"
EndProject
Project("{FAE04EC0-301F-11D3-BF4B-00C04F79EFBC}") = "VNC.Core", "VNC.Core\VNC.Core.csproj", "{C4E954D3-2A7A-48D2-B212-8B9A96BFEB4F}"
EndProject
Project("{FAE04EC0-301F-11D3-BF4B-00C04F79EFBC}") = "VNC.GenericRepository", "VNC.GenericRepository\VNC.GenericRepository.csproj", "{0BE582E2-80C0-4F62-BDA9-AB52D01E7BAE}"
EndProject
Project("{FAE04EC0-301F-11D3-BF4B-00C04F79EFBC}") = "VNC.Logging", "VNC.Logging\VNC.Logging.csproj", "{0A14CB8D-94E2-4BD4-BAB3-1DC242D49F03}"
EndProject
Project("{FAE04EC0-301F-11D3-BF4B-00C04F79EFBC}") = "VNC.SMOHelper", "VNC.SMOHelper\VNC.SMOHelper.csproj", "{E572DFB9-4A2F-4D14-887D-0E5EB1D36B2F}"
EndProject
Project("{FAE04EC0-301F-11D3-BF4B-00C04F79EFBC}") = "VNC.SPHelper", "VNC.SPHelper\VNC.SPHelper.csproj", "{F86A373B-1AA5-4559-BBC4-DA22E31BF17D}"
EndProject
Project("{FAE04EC0-301F-11D3-BF4B-00C04F79EFBC}") = "VNC.TFSHelper", "VNC.TFSHelper\VNC.TFSHelper.csproj", "{B80909B9-9929-4796-B8E9-B07433A98F62}"
EndProject
Project("{FAE04EC0-301F-11D3-BF4B-00C04F79EFBC}") = "VNC.WPF.Presentation", "VNC.WPF.Presentation\VNC.WPF.Presentation.csproj", "{21E368BE-7C86-42CF-AAB7-123070FDC5AD}"
EndProject
Project("{FAE04EC0-301F-11D3-BF4B-00C04F79EFBC}") = "VNC.WPF.Presentation.Dx", "VNC.WPF.Presentation.Dx\VNC.WPF.Presentation.Dx.csproj", "{EF9950A0-BF0E-4046-827C-F4186D15E286}"
EndProject
Project("{FAE04EC0-301F-11D3-BF4B-00C04F79EFBC}") = "VNC.XamlHelper", "VNC.XamlHelper\VNC.XamlHelper.csproj", "{D7A74541-04C0-4172-8F17-C30C06290274}"
EndProject
Global
	GlobalSection(SolutionConfigurationPlatforms) = preSolution
		A097921NYP|Any CPU = A097921NYP|Any CPU
		A097921NYP|x64 = A097921NYP|x64
		A097921NYP|x86 = A097921NYP|x86
		All|Any CPU = All|Any CPU
		All|x64 = All|x64
		All|x86 = All|x86
		Debug|Any CPU = Debug|Any CPU
		Debug|x64 = Debug|x64
		Debug|x86 = Debug|x86
		iDev|Any CPU = iDev|Any CPU
		iDev|x64 = iDev|x64
		iDev|x86 = iDev|x86
		Release|Any CPU = Release|Any CPU
		Release|x64 = Release|x64
		Release|x86 = Release|x86
		TRONW8|Any CPU = TRONW8|Any CPU
		TRONW8|x64 = TRONW8|x64
		TRONW8|x86 = TRONW8|x86
	EndGlobalSection
	GlobalSection(ProjectConfigurationPlatforms) = postSolution
		{1032CE4C-4274-476A-8AEF-7147241D4B4A}.A097921NYP|Any CPU.ActiveCfg = Debug|Any CPU
		{1032CE4C-4274-476A-8AEF-7147241D4B4A}.A097921NYP|Any CPU.Build.0 = Debug|Any CPU
		{1032CE4C-4274-476A-8AEF-7147241D4B4A}.A097921NYP|x64.ActiveCfg = Debug|Any CPU
		{1032CE4C-4274-476A-8AEF-7147241D4B4A}.A097921NYP|x64.Build.0 = Debug|Any CPU
		{1032CE4C-4274-476A-8AEF-7147241D4B4A}.A097921NYP|x86.ActiveCfg = Debug|Any CPU
		{1032CE4C-4274-476A-8AEF-7147241D4B4A}.A097921NYP|x86.Build.0 = Debug|Any CPU
		{1032CE4C-4274-476A-8AEF-7147241D4B4A}.All|Any CPU.ActiveCfg = Debug|Any CPU
		{1032CE4C-4274-476A-8AEF-7147241D4B4A}.All|Any CPU.Build.0 = Debug|Any CPU
		{1032CE4C-4274-476A-8AEF-7147241D4B4A}.All|x64.ActiveCfg = Debug|Any CPU
		{1032CE4C-4274-476A-8AEF-7147241D4B4A}.All|x64.Build.0 = Debug|Any CPU
		{1032CE4C-4274-476A-8AEF-7147241D4B4A}.All|x86.ActiveCfg = Debug|Any CPU
		{1032CE4C-4274-476A-8AEF-7147241D4B4A}.All|x86.Build.0 = Debug|Any CPU
		{1032CE4C-4274-476A-8AEF-7147241D4B4A}.Debug|Any CPU.ActiveCfg = Debug|Any CPU
		{1032CE4C-4274-476A-8AEF-7147241D4B4A}.Debug|Any CPU.Build.0 = Debug|Any CPU
		{1032CE4C-4274-476A-8AEF-7147241D4B4A}.Debug|x64.ActiveCfg = Debug|Any CPU
		{1032CE4C-4274-476A-8AEF-7147241D4B4A}.Debug|x64.Build.0 = Debug|Any CPU
		{1032CE4C-4274-476A-8AEF-7147241D4B4A}.Debug|x86.ActiveCfg = Debug|Any CPU
		{1032CE4C-4274-476A-8AEF-7147241D4B4A}.Debug|x86.Build.0 = Debug|Any CPU
		{1032CE4C-4274-476A-8AEF-7147241D4B4A}.iDev|Any CPU.ActiveCfg = Debug|Any CPU
		{1032CE4C-4274-476A-8AEF-7147241D4B4A}.iDev|Any CPU.Build.0 = Debug|Any CPU
		{1032CE4C-4274-476A-8AEF-7147241D4B4A}.iDev|x64.ActiveCfg = Debug|Any CPU
		{1032CE4C-4274-476A-8AEF-7147241D4B4A}.iDev|x64.Build.0 = Debug|Any CPU
		{1032CE4C-4274-476A-8AEF-7147241D4B4A}.iDev|x86.ActiveCfg = Debug|Any CPU
		{1032CE4C-4274-476A-8AEF-7147241D4B4A}.iDev|x86.Build.0 = Debug|Any CPU
		{1032CE4C-4274-476A-8AEF-7147241D4B4A}.Release|Any CPU.ActiveCfg = Release|Any CPU
		{1032CE4C-4274-476A-8AEF-7147241D4B4A}.Release|Any CPU.Build.0 = Release|Any CPU
		{1032CE4C-4274-476A-8AEF-7147241D4B4A}.Release|x64.ActiveCfg = Release|Any CPU
		{1032CE4C-4274-476A-8AEF-7147241D4B4A}.Release|x64.Build.0 = Release|Any CPU
		{1032CE4C-4274-476A-8AEF-7147241D4B4A}.Release|x86.ActiveCfg = Release|Any CPU
		{1032CE4C-4274-476A-8AEF-7147241D4B4A}.Release|x86.Build.0 = Release|Any CPU
		{1032CE4C-4274-476A-8AEF-7147241D4B4A}.TRONW8|Any CPU.ActiveCfg = Debug|Any CPU
		{1032CE4C-4274-476A-8AEF-7147241D4B4A}.TRONW8|Any CPU.Build.0 = Debug|Any CPU
		{1032CE4C-4274-476A-8AEF-7147241D4B4A}.TRONW8|x64.ActiveCfg = Debug|Any CPU
		{1032CE4C-4274-476A-8AEF-7147241D4B4A}.TRONW8|x64.Build.0 = Debug|Any CPU
		{1032CE4C-4274-476A-8AEF-7147241D4B4A}.TRONW8|x86.ActiveCfg = Debug|Any CPU
		{1032CE4C-4274-476A-8AEF-7147241D4B4A}.TRONW8|x86.Build.0 = Debug|Any CPU
		{92DA2719-D048-4CCE-86C8-B18B7E6A06F0}.A097921NYP|Any CPU.ActiveCfg = Debug|Any CPU
		{92DA2719-D048-4CCE-86C8-B18B7E6A06F0}.A097921NYP|Any CPU.Build.0 = Debug|Any CPU
		{92DA2719-D048-4CCE-86C8-B18B7E6A06F0}.A097921NYP|x64.ActiveCfg = Debug|Any CPU
		{92DA2719-D048-4CCE-86C8-B18B7E6A06F0}.A097921NYP|x64.Build.0 = Debug|Any CPU
		{92DA2719-D048-4CCE-86C8-B18B7E6A06F0}.A097921NYP|x86.ActiveCfg = Debug|Any CPU
		{92DA2719-D048-4CCE-86C8-B18B7E6A06F0}.A097921NYP|x86.Build.0 = Debug|Any CPU
		{92DA2719-D048-4CCE-86C8-B18B7E6A06F0}.All|Any CPU.ActiveCfg = Debug|Any CPU
		{92DA2719-D048-4CCE-86C8-B18B7E6A06F0}.All|Any CPU.Build.0 = Debug|Any CPU
		{92DA2719-D048-4CCE-86C8-B18B7E6A06F0}.All|x64.ActiveCfg = Debug|Any CPU
		{92DA2719-D048-4CCE-86C8-B18B7E6A06F0}.All|x64.Build.0 = Debug|Any CPU
		{92DA2719-D048-4CCE-86C8-B18B7E6A06F0}.All|x86.ActiveCfg = Debug|Any CPU
		{92DA2719-D048-4CCE-86C8-B18B7E6A06F0}.All|x86.Build.0 = Debug|Any CPU
		{92DA2719-D048-4CCE-86C8-B18B7E6A06F0}.Debug|Any CPU.ActiveCfg = Debug|Any CPU
		{92DA2719-D048-4CCE-86C8-B18B7E6A06F0}.Debug|Any CPU.Build.0 = Debug|Any CPU
		{92DA2719-D048-4CCE-86C8-B18B7E6A06F0}.Debug|x64.ActiveCfg = Debug|Any CPU
		{92DA2719-D048-4CCE-86C8-B18B7E6A06F0}.Debug|x64.Build.0 = Debug|Any CPU
		{92DA2719-D048-4CCE-86C8-B18B7E6A06F0}.Debug|x86.ActiveCfg = Debug|Any CPU
		{92DA2719-D048-4CCE-86C8-B18B7E6A06F0}.Debug|x86.Build.0 = Debug|Any CPU
		{92DA2719-D048-4CCE-86C8-B18B7E6A06F0}.iDev|Any CPU.ActiveCfg = Debug|Any CPU
		{92DA2719-D048-4CCE-86C8-B18B7E6A06F0}.iDev|Any CPU.Build.0 = Debug|Any CPU
		{92DA2719-D048-4CCE-86C8-B18B7E6A06F0}.iDev|x64.ActiveCfg = Debug|Any CPU
		{92DA2719-D048-4CCE-86C8-B18B7E6A06F0}.iDev|x64.Build.0 = Debug|Any CPU
		{92DA2719-D048-4CCE-86C8-B18B7E6A06F0}.iDev|x86.ActiveCfg = Debug|Any CPU
		{92DA2719-D048-4CCE-86C8-B18B7E6A06F0}.iDev|x86.Build.0 = Debug|Any CPU
		{92DA2719-D048-4CCE-86C8-B18B7E6A06F0}.Release|Any CPU.ActiveCfg = Release|Any CPU
		{92DA2719-D048-4CCE-86C8-B18B7E6A06F0}.Release|Any CPU.Build.0 = Release|Any CPU
		{92DA2719-D048-4CCE-86C8-B18B7E6A06F0}.Release|x64.ActiveCfg = Release|Any CPU
		{92DA2719-D048-4CCE-86C8-B18B7E6A06F0}.Release|x64.Build.0 = Release|Any CPU
		{92DA2719-D048-4CCE-86C8-B18B7E6A06F0}.Release|x86.ActiveCfg = Release|Any CPU
		{92DA2719-D048-4CCE-86C8-B18B7E6A06F0}.Release|x86.Build.0 = Release|Any CPU
		{92DA2719-D048-4CCE-86C8-B18B7E6A06F0}.TRONW8|Any CPU.ActiveCfg = Debug|Any CPU
		{92DA2719-D048-4CCE-86C8-B18B7E6A06F0}.TRONW8|Any CPU.Build.0 = Debug|Any CPU
		{92DA2719-D048-4CCE-86C8-B18B7E6A06F0}.TRONW8|x64.ActiveCfg = Debug|Any CPU
		{92DA2719-D048-4CCE-86C8-B18B7E6A06F0}.TRONW8|x64.Build.0 = Debug|Any CPU
		{92DA2719-D048-4CCE-86C8-B18B7E6A06F0}.TRONW8|x86.ActiveCfg = Debug|Any CPU
		{92DA2719-D048-4CCE-86C8-B18B7E6A06F0}.TRONW8|x86.Build.0 = Debug|Any CPU
		{9D21B031-3BFE-44B1-A622-D500230F90A7}.A097921NYP|Any CPU.ActiveCfg = Debug|Any CPU
		{9D21B031-3BFE-44B1-A622-D500230F90A7}.A097921NYP|Any CPU.Build.0 = Debug|Any CPU
		{9D21B031-3BFE-44B1-A622-D500230F90A7}.A097921NYP|x64.ActiveCfg = Debug|Any CPU
		{9D21B031-3BFE-44B1-A622-D500230F90A7}.A097921NYP|x64.Build.0 = Debug|Any CPU
		{9D21B031-3BFE-44B1-A622-D500230F90A7}.A097921NYP|x86.ActiveCfg = Debug|Any CPU
		{9D21B031-3BFE-44B1-A622-D500230F90A7}.A097921NYP|x86.Build.0 = Debug|Any CPU
		{9D21B031-3BFE-44B1-A622-D500230F90A7}.All|Any CPU.ActiveCfg = Debug|Any CPU
		{9D21B031-3BFE-44B1-A622-D500230F90A7}.All|Any CPU.Build.0 = Debug|Any CPU
		{9D21B031-3BFE-44B1-A622-D500230F90A7}.All|x64.ActiveCfg = Debug|Any CPU
		{9D21B031-3BFE-44B1-A622-D500230F90A7}.All|x64.Build.0 = Debug|Any CPU
		{9D21B031-3BFE-44B1-A622-D500230F90A7}.All|x86.ActiveCfg = Debug|Any CPU
		{9D21B031-3BFE-44B1-A622-D500230F90A7}.All|x86.Build.0 = Debug|Any CPU
		{9D21B031-3BFE-44B1-A622-D500230F90A7}.Debug|Any CPU.ActiveCfg = Debug|Any CPU
		{9D21B031-3BFE-44B1-A622-D500230F90A7}.Debug|Any CPU.Build.0 = Debug|Any CPU
		{9D21B031-3BFE-44B1-A622-D500230F90A7}.Debug|x64.ActiveCfg = Debug|Any CPU
		{9D21B031-3BFE-44B1-A622-D500230F90A7}.Debug|x64.Build.0 = Debug|Any CPU
		{9D21B031-3BFE-44B1-A622-D500230F90A7}.Debug|x86.ActiveCfg = Debug|Any CPU
		{9D21B031-3BFE-44B1-A622-D500230F90A7}.Debug|x86.Build.0 = Debug|Any CPU
		{9D21B031-3BFE-44B1-A622-D500230F90A7}.iDev|Any CPU.ActiveCfg = Debug|Any CPU
		{9D21B031-3BFE-44B1-A622-D500230F90A7}.iDev|Any CPU.Build.0 = Debug|Any CPU
		{9D21B031-3BFE-44B1-A622-D500230F90A7}.iDev|x64.ActiveCfg = Debug|Any CPU
		{9D21B031-3BFE-44B1-A622-D500230F90A7}.iDev|x64.Build.0 = Debug|Any CPU
		{9D21B031-3BFE-44B1-A622-D500230F90A7}.iDev|x86.ActiveCfg = Debug|Any CPU
		{9D21B031-3BFE-44B1-A622-D500230F90A7}.iDev|x86.Build.0 = Debug|Any CPU
		{9D21B031-3BFE-44B1-A622-D500230F90A7}.Release|Any CPU.ActiveCfg = Release|Any CPU
		{9D21B031-3BFE-44B1-A622-D500230F90A7}.Release|Any CPU.Build.0 = Release|Any CPU
		{9D21B031-3BFE-44B1-A622-D500230F90A7}.Release|x64.ActiveCfg = Release|Any CPU
		{9D21B031-3BFE-44B1-A622-D500230F90A7}.Release|x64.Build.0 = Release|Any CPU
		{9D21B031-3BFE-44B1-A622-D500230F90A7}.Release|x86.ActiveCfg = Release|Any CPU
		{9D21B031-3BFE-44B1-A622-D500230F90A7}.Release|x86.Build.0 = Release|Any CPU
		{9D21B031-3BFE-44B1-A622-D500230F90A7}.TRONW8|Any CPU.ActiveCfg = Debug|Any CPU
		{9D21B031-3BFE-44B1-A622-D500230F90A7}.TRONW8|Any CPU.Build.0 = Debug|Any CPU
		{9D21B031-3BFE-44B1-A622-D500230F90A7}.TRONW8|x64.ActiveCfg = Debug|Any CPU
		{9D21B031-3BFE-44B1-A622-D500230F90A7}.TRONW8|x64.Build.0 = Debug|Any CPU
		{9D21B031-3BFE-44B1-A622-D500230F90A7}.TRONW8|x86.ActiveCfg = Debug|Any CPU
		{9D21B031-3BFE-44B1-A622-D500230F90A7}.TRONW8|x86.Build.0 = Debug|Any CPU
		{C4E954D3-2A7A-48D2-B212-8B9A96BFEB4F}.A097921NYP|Any CPU.ActiveCfg = Debug|Any CPU
		{C4E954D3-2A7A-48D2-B212-8B9A96BFEB4F}.A097921NYP|Any CPU.Build.0 = Debug|Any CPU
		{C4E954D3-2A7A-48D2-B212-8B9A96BFEB4F}.A097921NYP|x64.ActiveCfg = Debug|x64
		{C4E954D3-2A7A-48D2-B212-8B9A96BFEB4F}.A097921NYP|x64.Build.0 = Debug|x64
		{C4E954D3-2A7A-48D2-B212-8B9A96BFEB4F}.A097921NYP|x86.ActiveCfg = Debug|x86
		{C4E954D3-2A7A-48D2-B212-8B9A96BFEB4F}.A097921NYP|x86.Build.0 = Debug|x86
		{C4E954D3-2A7A-48D2-B212-8B9A96BFEB4F}.All|Any CPU.ActiveCfg = Debug|Any CPU
		{C4E954D3-2A7A-48D2-B212-8B9A96BFEB4F}.All|Any CPU.Build.0 = Debug|Any CPU
		{C4E954D3-2A7A-48D2-B212-8B9A96BFEB4F}.All|x64.ActiveCfg = Debug|x64
		{C4E954D3-2A7A-48D2-B212-8B9A96BFEB4F}.All|x64.Build.0 = Debug|x64
		{C4E954D3-2A7A-48D2-B212-8B9A96BFEB4F}.All|x86.ActiveCfg = Debug|x86
		{C4E954D3-2A7A-48D2-B212-8B9A96BFEB4F}.All|x86.Build.0 = Debug|x86
		{C4E954D3-2A7A-48D2-B212-8B9A96BFEB4F}.Debug|Any CPU.ActiveCfg = Debug|Any CPU
		{C4E954D3-2A7A-48D2-B212-8B9A96BFEB4F}.Debug|Any CPU.Build.0 = Debug|Any CPU
		{C4E954D3-2A7A-48D2-B212-8B9A96BFEB4F}.Debug|x64.ActiveCfg = Debug|x64
		{C4E954D3-2A7A-48D2-B212-8B9A96BFEB4F}.Debug|x64.Build.0 = Debug|x64
		{C4E954D3-2A7A-48D2-B212-8B9A96BFEB4F}.Debug|x86.ActiveCfg = Debug|x86
		{C4E954D3-2A7A-48D2-B212-8B9A96BFEB4F}.Debug|x86.Build.0 = Debug|x86
		{C4E954D3-2A7A-48D2-B212-8B9A96BFEB4F}.iDev|Any CPU.ActiveCfg = Debug|Any CPU
		{C4E954D3-2A7A-48D2-B212-8B9A96BFEB4F}.iDev|Any CPU.Build.0 = Debug|Any CPU
		{C4E954D3-2A7A-48D2-B212-8B9A96BFEB4F}.iDev|x64.ActiveCfg = Debug|x64
		{C4E954D3-2A7A-48D2-B212-8B9A96BFEB4F}.iDev|x64.Build.0 = Debug|x64
		{C4E954D3-2A7A-48D2-B212-8B9A96BFEB4F}.iDev|x86.ActiveCfg = Debug|x86
		{C4E954D3-2A7A-48D2-B212-8B9A96BFEB4F}.iDev|x86.Build.0 = Debug|x86
		{C4E954D3-2A7A-48D2-B212-8B9A96BFEB4F}.Release|Any CPU.ActiveCfg = Release|Any CPU
		{C4E954D3-2A7A-48D2-B212-8B9A96BFEB4F}.Release|Any CPU.Build.0 = Release|Any CPU
		{C4E954D3-2A7A-48D2-B212-8B9A96BFEB4F}.Release|x64.ActiveCfg = Release|x64
		{C4E954D3-2A7A-48D2-B212-8B9A96BFEB4F}.Release|x64.Build.0 = Release|x64
		{C4E954D3-2A7A-48D2-B212-8B9A96BFEB4F}.Release|x86.ActiveCfg = Release|x86
		{C4E954D3-2A7A-48D2-B212-8B9A96BFEB4F}.Release|x86.Build.0 = Release|x86
		{C4E954D3-2A7A-48D2-B212-8B9A96BFEB4F}.TRONW8|Any CPU.ActiveCfg = Debug|Any CPU
		{C4E954D3-2A7A-48D2-B212-8B9A96BFEB4F}.TRONW8|Any CPU.Build.0 = Debug|Any CPU
		{C4E954D3-2A7A-48D2-B212-8B9A96BFEB4F}.TRONW8|x64.ActiveCfg = Debug|x64
		{C4E954D3-2A7A-48D2-B212-8B9A96BFEB4F}.TRONW8|x64.Build.0 = Debug|x64
		{C4E954D3-2A7A-48D2-B212-8B9A96BFEB4F}.TRONW8|x86.ActiveCfg = Debug|x86
		{C4E954D3-2A7A-48D2-B212-8B9A96BFEB4F}.TRONW8|x86.Build.0 = Debug|x86
		{0BE582E2-80C0-4F62-BDA9-AB52D01E7BAE}.A097921NYP|Any CPU.ActiveCfg = Debug|Any CPU
		{0BE582E2-80C0-4F62-BDA9-AB52D01E7BAE}.A097921NYP|Any CPU.Build.0 = Debug|Any CPU
		{0BE582E2-80C0-4F62-BDA9-AB52D01E7BAE}.A097921NYP|x64.ActiveCfg = Debug|Any CPU
		{0BE582E2-80C0-4F62-BDA9-AB52D01E7BAE}.A097921NYP|x64.Build.0 = Debug|Any CPU
		{0BE582E2-80C0-4F62-BDA9-AB52D01E7BAE}.A097921NYP|x86.ActiveCfg = Debug|Any CPU
		{0BE582E2-80C0-4F62-BDA9-AB52D01E7BAE}.A097921NYP|x86.Build.0 = Debug|Any CPU
		{0BE582E2-80C0-4F62-BDA9-AB52D01E7BAE}.All|Any CPU.ActiveCfg = Debug|Any CPU
		{0BE582E2-80C0-4F62-BDA9-AB52D01E7BAE}.All|Any CPU.Build.0 = Debug|Any CPU
		{0BE582E2-80C0-4F62-BDA9-AB52D01E7BAE}.All|x64.ActiveCfg = Debug|Any CPU
		{0BE582E2-80C0-4F62-BDA9-AB52D01E7BAE}.All|x64.Build.0 = Debug|Any CPU
		{0BE582E2-80C0-4F62-BDA9-AB52D01E7BAE}.All|x86.ActiveCfg = Debug|Any CPU
		{0BE582E2-80C0-4F62-BDA9-AB52D01E7BAE}.All|x86.Build.0 = Debug|Any CPU
		{0BE582E2-80C0-4F62-BDA9-AB52D01E7BAE}.Debug|Any CPU.ActiveCfg = Debug|Any CPU
		{0BE582E2-80C0-4F62-BDA9-AB52D01E7BAE}.Debug|Any CPU.Build.0 = Debug|Any CPU
		{0BE582E2-80C0-4F62-BDA9-AB52D01E7BAE}.Debug|x64.ActiveCfg = Debug|Any CPU
		{0BE582E2-80C0-4F62-BDA9-AB52D01E7BAE}.Debug|x64.Build.0 = Debug|Any CPU
		{0BE582E2-80C0-4F62-BDA9-AB52D01E7BAE}.Debug|x86.ActiveCfg = Debug|Any CPU
		{0BE582E2-80C0-4F62-BDA9-AB52D01E7BAE}.Debug|x86.Build.0 = Debug|Any CPU
		{0BE582E2-80C0-4F62-BDA9-AB52D01E7BAE}.iDev|Any CPU.ActiveCfg = Debug|Any CPU
		{0BE582E2-80C0-4F62-BDA9-AB52D01E7BAE}.iDev|Any CPU.Build.0 = Debug|Any CPU
		{0BE582E2-80C0-4F62-BDA9-AB52D01E7BAE}.iDev|x64.ActiveCfg = Debug|Any CPU
		{0BE582E2-80C0-4F62-BDA9-AB52D01E7BAE}.iDev|x64.Build.0 = Debug|Any CPU
		{0BE582E2-80C0-4F62-BDA9-AB52D01E7BAE}.iDev|x86.ActiveCfg = Debug|Any CPU
		{0BE582E2-80C0-4F62-BDA9-AB52D01E7BAE}.iDev|x86.Build.0 = Debug|Any CPU
		{0BE582E2-80C0-4F62-BDA9-AB52D01E7BAE}.Release|Any CPU.ActiveCfg = Release|Any CPU
		{0BE582E2-80C0-4F62-BDA9-AB52D01E7BAE}.Release|Any CPU.Build.0 = Release|Any CPU
		{0BE582E2-80C0-4F62-BDA9-AB52D01E7BAE}.Release|x64.ActiveCfg = Release|Any CPU
		{0BE582E2-80C0-4F62-BDA9-AB52D01E7BAE}.Release|x64.Build.0 = Release|Any CPU
		{0BE582E2-80C0-4F62-BDA9-AB52D01E7BAE}.Release|x86.ActiveCfg = Release|Any CPU
		{0BE582E2-80C0-4F62-BDA9-AB52D01E7BAE}.Release|x86.Build.0 = Release|Any CPU
		{0BE582E2-80C0-4F62-BDA9-AB52D01E7BAE}.TRONW8|Any CPU.ActiveCfg = Debug|Any CPU
		{0BE582E2-80C0-4F62-BDA9-AB52D01E7BAE}.TRONW8|Any CPU.Build.0 = Debug|Any CPU
		{0BE582E2-80C0-4F62-BDA9-AB52D01E7BAE}.TRONW8|x64.ActiveCfg = Debug|Any CPU
		{0BE582E2-80C0-4F62-BDA9-AB52D01E7BAE}.TRONW8|x64.Build.0 = Debug|Any CPU
		{0BE582E2-80C0-4F62-BDA9-AB52D01E7BAE}.TRONW8|x86.ActiveCfg = Debug|Any CPU
		{0BE582E2-80C0-4F62-BDA9-AB52D01E7BAE}.TRONW8|x86.Build.0 = Debug|Any CPU
		{0A14CB8D-94E2-4BD4-BAB3-1DC242D49F03}.A097921NYP|Any CPU.ActiveCfg = Debug|Any CPU
		{0A14CB8D-94E2-4BD4-BAB3-1DC242D49F03}.A097921NYP|Any CPU.Build.0 = Debug|Any CPU
		{0A14CB8D-94E2-4BD4-BAB3-1DC242D49F03}.A097921NYP|x64.ActiveCfg = Debug|x64
		{0A14CB8D-94E2-4BD4-BAB3-1DC242D49F03}.A097921NYP|x64.Build.0 = Debug|x64
		{0A14CB8D-94E2-4BD4-BAB3-1DC242D49F03}.A097921NYP|x86.ActiveCfg = Debug|x86
		{0A14CB8D-94E2-4BD4-BAB3-1DC242D49F03}.A097921NYP|x86.Build.0 = Debug|x86
		{0A14CB8D-94E2-4BD4-BAB3-1DC242D49F03}.All|Any CPU.ActiveCfg = Debug|Any CPU
		{0A14CB8D-94E2-4BD4-BAB3-1DC242D49F03}.All|Any CPU.Build.0 = Debug|Any CPU
		{0A14CB8D-94E2-4BD4-BAB3-1DC242D49F03}.All|x64.ActiveCfg = Debug|x64
		{0A14CB8D-94E2-4BD4-BAB3-1DC242D49F03}.All|x64.Build.0 = Debug|x64
		{0A14CB8D-94E2-4BD4-BAB3-1DC242D49F03}.All|x86.ActiveCfg = Debug|x86
		{0A14CB8D-94E2-4BD4-BAB3-1DC242D49F03}.All|x86.Build.0 = Debug|x86
		{0A14CB8D-94E2-4BD4-BAB3-1DC242D49F03}.Debug|Any CPU.ActiveCfg = Debug|Any CPU
		{0A14CB8D-94E2-4BD4-BAB3-1DC242D49F03}.Debug|Any CPU.Build.0 = Debug|Any CPU
		{0A14CB8D-94E2-4BD4-BAB3-1DC242D49F03}.Debug|x64.ActiveCfg = Debug|x64
		{0A14CB8D-94E2-4BD4-BAB3-1DC242D49F03}.Debug|x64.Build.0 = Debug|x64
		{0A14CB8D-94E2-4BD4-BAB3-1DC242D49F03}.Debug|x86.ActiveCfg = Debug|x86
		{0A14CB8D-94E2-4BD4-BAB3-1DC242D49F03}.Debug|x86.Build.0 = Debug|x86
		{0A14CB8D-94E2-4BD4-BAB3-1DC242D49F03}.iDev|Any CPU.ActiveCfg = Debug|Any CPU
		{0A14CB8D-94E2-4BD4-BAB3-1DC242D49F03}.iDev|Any CPU.Build.0 = Debug|Any CPU
		{0A14CB8D-94E2-4BD4-BAB3-1DC242D49F03}.iDev|x64.ActiveCfg = Debug|x64
		{0A14CB8D-94E2-4BD4-BAB3-1DC242D49F03}.iDev|x64.Build.0 = Debug|x64
		{0A14CB8D-94E2-4BD4-BAB3-1DC242D49F03}.iDev|x86.ActiveCfg = Debug|x86
		{0A14CB8D-94E2-4BD4-BAB3-1DC242D49F03}.iDev|x86.Build.0 = Debug|x86
		{0A14CB8D-94E2-4BD4-BAB3-1DC242D49F03}.Release|Any CPU.ActiveCfg = Release|Any CPU
		{0A14CB8D-94E2-4BD4-BAB3-1DC242D49F03}.Release|Any CPU.Build.0 = Release|Any CPU
		{0A14CB8D-94E2-4BD4-BAB3-1DC242D49F03}.Release|x64.ActiveCfg = Release|x64
		{0A14CB8D-94E2-4BD4-BAB3-1DC242D49F03}.Release|x64.Build.0 = Release|x64
		{0A14CB8D-94E2-4BD4-BAB3-1DC242D49F03}.Release|x86.ActiveCfg = Release|x86
		{0A14CB8D-94E2-4BD4-BAB3-1DC242D49F03}.Release|x86.Build.0 = Release|x86
		{0A14CB8D-94E2-4BD4-BAB3-1DC242D49F03}.TRONW8|Any CPU.ActiveCfg = Debug|Any CPU
		{0A14CB8D-94E2-4BD4-BAB3-1DC242D49F03}.TRONW8|Any CPU.Build.0 = Debug|Any CPU
		{0A14CB8D-94E2-4BD4-BAB3-1DC242D49F03}.TRONW8|x64.ActiveCfg = Debug|x64
		{0A14CB8D-94E2-4BD4-BAB3-1DC242D49F03}.TRONW8|x64.Build.0 = Debug|x64
		{0A14CB8D-94E2-4BD4-BAB3-1DC242D49F03}.TRONW8|x86.ActiveCfg = Debug|x86
		{0A14CB8D-94E2-4BD4-BAB3-1DC242D49F03}.TRONW8|x86.Build.0 = Debug|x86
		{E572DFB9-4A2F-4D14-887D-0E5EB1D36B2F}.A097921NYP|Any CPU.ActiveCfg = A097921NYP|Any CPU
		{E572DFB9-4A2F-4D14-887D-0E5EB1D36B2F}.A097921NYP|Any CPU.Build.0 = A097921NYP|Any CPU
		{E572DFB9-4A2F-4D14-887D-0E5EB1D36B2F}.A097921NYP|x64.ActiveCfg = A097921NYP|Any CPU
		{E572DFB9-4A2F-4D14-887D-0E5EB1D36B2F}.A097921NYP|x64.Build.0 = A097921NYP|Any CPU
		{E572DFB9-4A2F-4D14-887D-0E5EB1D36B2F}.A097921NYP|x86.ActiveCfg = A097921NYP|Any CPU
		{E572DFB9-4A2F-4D14-887D-0E5EB1D36B2F}.A097921NYP|x86.Build.0 = A097921NYP|Any CPU
		{E572DFB9-4A2F-4D14-887D-0E5EB1D36B2F}.All|Any CPU.ActiveCfg = A097921NYP|Any CPU
		{E572DFB9-4A2F-4D14-887D-0E5EB1D36B2F}.All|Any CPU.Build.0 = A097921NYP|Any CPU
		{E572DFB9-4A2F-4D14-887D-0E5EB1D36B2F}.All|x64.ActiveCfg = A097921NYP|Any CPU
		{E572DFB9-4A2F-4D14-887D-0E5EB1D36B2F}.All|x64.Build.0 = A097921NYP|Any CPU
		{E572DFB9-4A2F-4D14-887D-0E5EB1D36B2F}.All|x86.ActiveCfg = A097921NYP|Any CPU
		{E572DFB9-4A2F-4D14-887D-0E5EB1D36B2F}.All|x86.Build.0 = A097921NYP|Any CPU
		{E572DFB9-4A2F-4D14-887D-0E5EB1D36B2F}.Debug|Any CPU.ActiveCfg = Debug|Any CPU
		{E572DFB9-4A2F-4D14-887D-0E5EB1D36B2F}.Debug|Any CPU.Build.0 = Debug|Any CPU
		{E572DFB9-4A2F-4D14-887D-0E5EB1D36B2F}.Debug|x64.ActiveCfg = Debug|Any CPU
		{E572DFB9-4A2F-4D14-887D-0E5EB1D36B2F}.Debug|x64.Build.0 = Debug|Any CPU
		{E572DFB9-4A2F-4D14-887D-0E5EB1D36B2F}.Debug|x86.ActiveCfg = Debug|Any CPU
		{E572DFB9-4A2F-4D14-887D-0E5EB1D36B2F}.Debug|x86.Build.0 = Debug|Any CPU
		{E572DFB9-4A2F-4D14-887D-0E5EB1D36B2F}.iDev|Any CPU.ActiveCfg = iDev|Any CPU
		{E572DFB9-4A2F-4D14-887D-0E5EB1D36B2F}.iDev|Any CPU.Build.0 = iDev|Any CPU
		{E572DFB9-4A2F-4D14-887D-0E5EB1D36B2F}.iDev|x64.ActiveCfg = iDev|Any CPU
		{E572DFB9-4A2F-4D14-887D-0E5EB1D36B2F}.iDev|x64.Build.0 = iDev|Any CPU
		{E572DFB9-4A2F-4D14-887D-0E5EB1D36B2F}.iDev|x86.ActiveCfg = iDev|Any CPU
		{E572DFB9-4A2F-4D14-887D-0E5EB1D36B2F}.iDev|x86.Build.0 = iDev|Any CPU
		{E572DFB9-4A2F-4D14-887D-0E5EB1D36B2F}.Release|Any CPU.ActiveCfg = Release|Any CPU
		{E572DFB9-4A2F-4D14-887D-0E5EB1D36B2F}.Release|Any CPU.Build.0 = Release|Any CPU
		{E572DFB9-4A2F-4D14-887D-0E5EB1D36B2F}.Release|x64.ActiveCfg = Release|Any CPU
		{E572DFB9-4A2F-4D14-887D-0E5EB1D36B2F}.Release|x64.Build.0 = Release|Any CPU
		{E572DFB9-4A2F-4D14-887D-0E5EB1D36B2F}.Release|x86.ActiveCfg = Release|Any CPU
		{E572DFB9-4A2F-4D14-887D-0E5EB1D36B2F}.Release|x86.Build.0 = Release|Any CPU
		{E572DFB9-4A2F-4D14-887D-0E5EB1D36B2F}.TRONW8|Any CPU.ActiveCfg = TRONW8|Any CPU
		{E572DFB9-4A2F-4D14-887D-0E5EB1D36B2F}.TRONW8|Any CPU.Build.0 = TRONW8|Any CPU
		{E572DFB9-4A2F-4D14-887D-0E5EB1D36B2F}.TRONW8|x64.ActiveCfg = TRONW8|Any CPU
		{E572DFB9-4A2F-4D14-887D-0E5EB1D36B2F}.TRONW8|x64.Build.0 = TRONW8|Any CPU
		{E572DFB9-4A2F-4D14-887D-0E5EB1D36B2F}.TRONW8|x86.ActiveCfg = TRONW8|Any CPU
		{E572DFB9-4A2F-4D14-887D-0E5EB1D36B2F}.TRONW8|x86.Build.0 = TRONW8|Any CPU
		{F86A373B-1AA5-4559-BBC4-DA22E31BF17D}.A097921NYP|Any CPU.ActiveCfg = All|Any CPU
		{F86A373B-1AA5-4559-BBC4-DA22E31BF17D}.A097921NYP|Any CPU.Build.0 = All|Any CPU
		{F86A373B-1AA5-4559-BBC4-DA22E31BF17D}.A097921NYP|x64.ActiveCfg = All|Any CPU
		{F86A373B-1AA5-4559-BBC4-DA22E31BF17D}.A097921NYP|x64.Build.0 = All|Any CPU
		{F86A373B-1AA5-4559-BBC4-DA22E31BF17D}.A097921NYP|x86.ActiveCfg = All|Any CPU
		{F86A373B-1AA5-4559-BBC4-DA22E31BF17D}.A097921NYP|x86.Build.0 = All|Any CPU
		{F86A373B-1AA5-4559-BBC4-DA22E31BF17D}.All|Any CPU.ActiveCfg = All|Any CPU
		{F86A373B-1AA5-4559-BBC4-DA22E31BF17D}.All|Any CPU.Build.0 = All|Any CPU
		{F86A373B-1AA5-4559-BBC4-DA22E31BF17D}.All|x64.ActiveCfg = All|Any CPU
		{F86A373B-1AA5-4559-BBC4-DA22E31BF17D}.All|x64.Build.0 = All|Any CPU
		{F86A373B-1AA5-4559-BBC4-DA22E31BF17D}.All|x86.ActiveCfg = All|Any CPU
		{F86A373B-1AA5-4559-BBC4-DA22E31BF17D}.All|x86.Build.0 = All|Any CPU
		{F86A373B-1AA5-4559-BBC4-DA22E31BF17D}.Debug|Any CPU.ActiveCfg = Debug|Any CPU
		{F86A373B-1AA5-4559-BBC4-DA22E31BF17D}.Debug|Any CPU.Build.0 = Debug|Any CPU
		{F86A373B-1AA5-4559-BBC4-DA22E31BF17D}.Debug|x64.ActiveCfg = Debug|Any CPU
		{F86A373B-1AA5-4559-BBC4-DA22E31BF17D}.Debug|x64.Build.0 = Debug|Any CPU
		{F86A373B-1AA5-4559-BBC4-DA22E31BF17D}.Debug|x86.ActiveCfg = Debug|Any CPU
		{F86A373B-1AA5-4559-BBC4-DA22E31BF17D}.Debug|x86.Build.0 = Debug|Any CPU
		{F86A373B-1AA5-4559-BBC4-DA22E31BF17D}.iDev|Any CPU.ActiveCfg = Debug|Any CPU
		{F86A373B-1AA5-4559-BBC4-DA22E31BF17D}.iDev|Any CPU.Build.0 = Debug|Any CPU
		{F86A373B-1AA5-4559-BBC4-DA22E31BF17D}.iDev|x64.ActiveCfg = Debug|Any CPU
		{F86A373B-1AA5-4559-BBC4-DA22E31BF17D}.iDev|x64.Build.0 = Debug|Any CPU
		{F86A373B-1AA5-4559-BBC4-DA22E31BF17D}.iDev|x86.ActiveCfg = Debug|Any CPU
		{F86A373B-1AA5-4559-BBC4-DA22E31BF17D}.iDev|x86.Build.0 = Debug|Any CPU
		{F86A373B-1AA5-4559-BBC4-DA22E31BF17D}.Release|Any CPU.ActiveCfg = Release|Any CPU
		{F86A373B-1AA5-4559-BBC4-DA22E31BF17D}.Release|Any CPU.Build.0 = Release|Any CPU
		{F86A373B-1AA5-4559-BBC4-DA22E31BF17D}.Release|x64.ActiveCfg = Release|Any CPU
		{F86A373B-1AA5-4559-BBC4-DA22E31BF17D}.Release|x64.Build.0 = Release|Any CPU
		{F86A373B-1AA5-4559-BBC4-DA22E31BF17D}.Release|x86.ActiveCfg = Release|Any CPU
		{F86A373B-1AA5-4559-BBC4-DA22E31BF17D}.Release|x86.Build.0 = Release|Any CPU
		{F86A373B-1AA5-4559-BBC4-DA22E31BF17D}.TRONW8|Any CPU.ActiveCfg = Debug|Any CPU
		{F86A373B-1AA5-4559-BBC4-DA22E31BF17D}.TRONW8|Any CPU.Build.0 = Debug|Any CPU
		{F86A373B-1AA5-4559-BBC4-DA22E31BF17D}.TRONW8|x64.ActiveCfg = Debug|Any CPU
		{F86A373B-1AA5-4559-BBC4-DA22E31BF17D}.TRONW8|x64.Build.0 = Debug|Any CPU
		{F86A373B-1AA5-4559-BBC4-DA22E31BF17D}.TRONW8|x86.ActiveCfg = Debug|Any CPU
		{F86A373B-1AA5-4559-BBC4-DA22E31BF17D}.TRONW8|x86.Build.0 = Debug|Any CPU
		{B80909B9-9929-4796-B8E9-B07433A98F62}.A097921NYP|Any CPU.ActiveCfg = All|Any CPU
		{B80909B9-9929-4796-B8E9-B07433A98F62}.A097921NYP|Any CPU.Build.0 = All|Any CPU
		{B80909B9-9929-4796-B8E9-B07433A98F62}.A097921NYP|x64.ActiveCfg = All|Any CPU
		{B80909B9-9929-4796-B8E9-B07433A98F62}.A097921NYP|x64.Build.0 = All|Any CPU
		{B80909B9-9929-4796-B8E9-B07433A98F62}.A097921NYP|x86.ActiveCfg = All|Any CPU
		{B80909B9-9929-4796-B8E9-B07433A98F62}.A097921NYP|x86.Build.0 = All|Any CPU
		{B80909B9-9929-4796-B8E9-B07433A98F62}.All|Any CPU.ActiveCfg = All|Any CPU
		{B80909B9-9929-4796-B8E9-B07433A98F62}.All|Any CPU.Build.0 = All|Any CPU
		{B80909B9-9929-4796-B8E9-B07433A98F62}.All|x64.ActiveCfg = All|Any CPU
		{B80909B9-9929-4796-B8E9-B07433A98F62}.All|x64.Build.0 = All|Any CPU
		{B80909B9-9929-4796-B8E9-B07433A98F62}.All|x86.ActiveCfg = All|Any CPU
		{B80909B9-9929-4796-B8E9-B07433A98F62}.All|x86.Build.0 = All|Any CPU
		{B80909B9-9929-4796-B8E9-B07433A98F62}.Debug|Any CPU.ActiveCfg = Debug|Any CPU
		{B80909B9-9929-4796-B8E9-B07433A98F62}.Debug|Any CPU.Build.0 = Debug|Any CPU
		{B80909B9-9929-4796-B8E9-B07433A98F62}.Debug|x64.ActiveCfg = Debug|Any CPU
		{B80909B9-9929-4796-B8E9-B07433A98F62}.Debug|x64.Build.0 = Debug|Any CPU
		{B80909B9-9929-4796-B8E9-B07433A98F62}.Debug|x86.ActiveCfg = Debug|Any CPU
		{B80909B9-9929-4796-B8E9-B07433A98F62}.Debug|x86.Build.0 = Debug|Any CPU
		{B80909B9-9929-4796-B8E9-B07433A98F62}.iDev|Any CPU.ActiveCfg = Debug|Any CPU
		{B80909B9-9929-4796-B8E9-B07433A98F62}.iDev|Any CPU.Build.0 = Debug|Any CPU
		{B80909B9-9929-4796-B8E9-B07433A98F62}.iDev|x64.ActiveCfg = Debug|Any CPU
		{B80909B9-9929-4796-B8E9-B07433A98F62}.iDev|x64.Build.0 = Debug|Any CPU
		{B80909B9-9929-4796-B8E9-B07433A98F62}.iDev|x86.ActiveCfg = Debug|Any CPU
		{B80909B9-9929-4796-B8E9-B07433A98F62}.iDev|x86.Build.0 = Debug|Any CPU
		{B80909B9-9929-4796-B8E9-B07433A98F62}.Release|Any CPU.ActiveCfg = Release|Any CPU
		{B80909B9-9929-4796-B8E9-B07433A98F62}.Release|Any CPU.Build.0 = Release|Any CPU
		{B80909B9-9929-4796-B8E9-B07433A98F62}.Release|x64.ActiveCfg = Release|Any CPU
		{B80909B9-9929-4796-B8E9-B07433A98F62}.Release|x64.Build.0 = Release|Any CPU
		{B80909B9-9929-4796-B8E9-B07433A98F62}.Release|x86.ActiveCfg = Release|Any CPU
		{B80909B9-9929-4796-B8E9-B07433A98F62}.Release|x86.Build.0 = Release|Any CPU
		{B80909B9-9929-4796-B8E9-B07433A98F62}.TRONW8|Any CPU.ActiveCfg = Debug|Any CPU
		{B80909B9-9929-4796-B8E9-B07433A98F62}.TRONW8|Any CPU.Build.0 = Debug|Any CPU
		{B80909B9-9929-4796-B8E9-B07433A98F62}.TRONW8|x64.ActiveCfg = Debug|Any CPU
		{B80909B9-9929-4796-B8E9-B07433A98F62}.TRONW8|x64.Build.0 = Debug|Any CPU
		{B80909B9-9929-4796-B8E9-B07433A98F62}.TRONW8|x86.ActiveCfg = Debug|Any CPU
		{B80909B9-9929-4796-B8E9-B07433A98F62}.TRONW8|x86.Build.0 = Debug|Any CPU
		{21E368BE-7C86-42CF-AAB7-123070FDC5AD}.A097921NYP|Any CPU.ActiveCfg = Debug|Any CPU
		{21E368BE-7C86-42CF-AAB7-123070FDC5AD}.A097921NYP|Any CPU.Build.0 = Debug|Any CPU
		{21E368BE-7C86-42CF-AAB7-123070FDC5AD}.A097921NYP|x64.ActiveCfg = Debug|Any CPU
		{21E368BE-7C86-42CF-AAB7-123070FDC5AD}.A097921NYP|x64.Build.0 = Debug|Any CPU
		{21E368BE-7C86-42CF-AAB7-123070FDC5AD}.A097921NYP|x86.ActiveCfg = Debug|Any CPU
		{21E368BE-7C86-42CF-AAB7-123070FDC5AD}.A097921NYP|x86.Build.0 = Debug|Any CPU
		{21E368BE-7C86-42CF-AAB7-123070FDC5AD}.All|Any CPU.ActiveCfg = Debug|Any CPU
		{21E368BE-7C86-42CF-AAB7-123070FDC5AD}.All|Any CPU.Build.0 = Debug|Any CPU
		{21E368BE-7C86-42CF-AAB7-123070FDC5AD}.All|x64.ActiveCfg = Debug|Any CPU
		{21E368BE-7C86-42CF-AAB7-123070FDC5AD}.All|x64.Build.0 = Debug|Any CPU
		{21E368BE-7C86-42CF-AAB7-123070FDC5AD}.All|x86.ActiveCfg = Debug|Any CPU
		{21E368BE-7C86-42CF-AAB7-123070FDC5AD}.All|x86.Build.0 = Debug|Any CPU
		{21E368BE-7C86-42CF-AAB7-123070FDC5AD}.Debug|Any CPU.ActiveCfg = Debug|Any CPU
		{21E368BE-7C86-42CF-AAB7-123070FDC5AD}.Debug|Any CPU.Build.0 = Debug|Any CPU
		{21E368BE-7C86-42CF-AAB7-123070FDC5AD}.Debug|x64.ActiveCfg = Debug|Any CPU
		{21E368BE-7C86-42CF-AAB7-123070FDC5AD}.Debug|x64.Build.0 = Debug|Any CPU
		{21E368BE-7C86-42CF-AAB7-123070FDC5AD}.Debug|x86.ActiveCfg = Debug|Any CPU
		{21E368BE-7C86-42CF-AAB7-123070FDC5AD}.Debug|x86.Build.0 = Debug|Any CPU
		{21E368BE-7C86-42CF-AAB7-123070FDC5AD}.iDev|Any CPU.ActiveCfg = Debug|Any CPU
		{21E368BE-7C86-42CF-AAB7-123070FDC5AD}.iDev|Any CPU.Build.0 = Debug|Any CPU
		{21E368BE-7C86-42CF-AAB7-123070FDC5AD}.iDev|x64.ActiveCfg = Debug|Any CPU
		{21E368BE-7C86-42CF-AAB7-123070FDC5AD}.iDev|x64.Build.0 = Debug|Any CPU
		{21E368BE-7C86-42CF-AAB7-123070FDC5AD}.iDev|x86.ActiveCfg = Debug|Any CPU
		{21E368BE-7C86-42CF-AAB7-123070FDC5AD}.iDev|x86.Build.0 = Debug|Any CPU
		{21E368BE-7C86-42CF-AAB7-123070FDC5AD}.Release|Any CPU.ActiveCfg = Release|Any CPU
		{21E368BE-7C86-42CF-AAB7-123070FDC5AD}.Release|Any CPU.Build.0 = Release|Any CPU
		{21E368BE-7C86-42CF-AAB7-123070FDC5AD}.Release|x64.ActiveCfg = Release|Any CPU
		{21E368BE-7C86-42CF-AAB7-123070FDC5AD}.Release|x64.Build.0 = Release|Any CPU
		{21E368BE-7C86-42CF-AAB7-123070FDC5AD}.Release|x86.ActiveCfg = Release|Any CPU
		{21E368BE-7C86-42CF-AAB7-123070FDC5AD}.Release|x86.Build.0 = Release|Any CPU
		{21E368BE-7C86-42CF-AAB7-123070FDC5AD}.TRONW8|Any CPU.ActiveCfg = Debug|Any CPU
		{21E368BE-7C86-42CF-AAB7-123070FDC5AD}.TRONW8|Any CPU.Build.0 = Debug|Any CPU
		{21E368BE-7C86-42CF-AAB7-123070FDC5AD}.TRONW8|x64.ActiveCfg = Debug|Any CPU
		{21E368BE-7C86-42CF-AAB7-123070FDC5AD}.TRONW8|x64.Build.0 = Debug|Any CPU
		{21E368BE-7C86-42CF-AAB7-123070FDC5AD}.TRONW8|x86.ActiveCfg = Debug|Any CPU
		{21E368BE-7C86-42CF-AAB7-123070FDC5AD}.TRONW8|x86.Build.0 = Debug|Any CPU
		{EF9950A0-BF0E-4046-827C-F4186D15E286}.A097921NYP|Any CPU.ActiveCfg = Debug|Any CPU
		{EF9950A0-BF0E-4046-827C-F4186D15E286}.A097921NYP|Any CPU.Build.0 = Debug|Any CPU
		{EF9950A0-BF0E-4046-827C-F4186D15E286}.A097921NYP|x64.ActiveCfg = Debug|Any CPU
		{EF9950A0-BF0E-4046-827C-F4186D15E286}.A097921NYP|x64.Build.0 = Debug|Any CPU
		{EF9950A0-BF0E-4046-827C-F4186D15E286}.A097921NYP|x86.ActiveCfg = Debug|Any CPU
		{EF9950A0-BF0E-4046-827C-F4186D15E286}.A097921NYP|x86.Build.0 = Debug|Any CPU
		{EF9950A0-BF0E-4046-827C-F4186D15E286}.All|Any CPU.ActiveCfg = Debug|Any CPU
		{EF9950A0-BF0E-4046-827C-F4186D15E286}.All|Any CPU.Build.0 = Debug|Any CPU
		{EF9950A0-BF0E-4046-827C-F4186D15E286}.All|x64.ActiveCfg = Debug|Any CPU
		{EF9950A0-BF0E-4046-827C-F4186D15E286}.All|x64.Build.0 = Debug|Any CPU
		{EF9950A0-BF0E-4046-827C-F4186D15E286}.All|x86.ActiveCfg = Debug|Any CPU
		{EF9950A0-BF0E-4046-827C-F4186D15E286}.All|x86.Build.0 = Debug|Any CPU
		{EF9950A0-BF0E-4046-827C-F4186D15E286}.Debug|Any CPU.ActiveCfg = Debug|Any CPU
		{EF9950A0-BF0E-4046-827C-F4186D15E286}.Debug|Any CPU.Build.0 = Debug|Any CPU
		{EF9950A0-BF0E-4046-827C-F4186D15E286}.Debug|x64.ActiveCfg = Debug|Any CPU
		{EF9950A0-BF0E-4046-827C-F4186D15E286}.Debug|x64.Build.0 = Debug|Any CPU
		{EF9950A0-BF0E-4046-827C-F4186D15E286}.Debug|x86.ActiveCfg = Debug|Any CPU
		{EF9950A0-BF0E-4046-827C-F4186D15E286}.Debug|x86.Build.0 = Debug|Any CPU
		{EF9950A0-BF0E-4046-827C-F4186D15E286}.iDev|Any CPU.ActiveCfg = Debug|Any CPU
		{EF9950A0-BF0E-4046-827C-F4186D15E286}.iDev|Any CPU.Build.0 = Debug|Any CPU
		{EF9950A0-BF0E-4046-827C-F4186D15E286}.iDev|x64.ActiveCfg = Debug|Any CPU
		{EF9950A0-BF0E-4046-827C-F4186D15E286}.iDev|x64.Build.0 = Debug|Any CPU
		{EF9950A0-BF0E-4046-827C-F4186D15E286}.iDev|x86.ActiveCfg = Debug|Any CPU
		{EF9950A0-BF0E-4046-827C-F4186D15E286}.iDev|x86.Build.0 = Debug|Any CPU
		{EF9950A0-BF0E-4046-827C-F4186D15E286}.Release|Any CPU.ActiveCfg = Release|Any CPU
		{EF9950A0-BF0E-4046-827C-F4186D15E286}.Release|Any CPU.Build.0 = Release|Any CPU
		{EF9950A0-BF0E-4046-827C-F4186D15E286}.Release|x64.ActiveCfg = Release|Any CPU
		{EF9950A0-BF0E-4046-827C-F4186D15E286}.Release|x64.Build.0 = Release|Any CPU
		{EF9950A0-BF0E-4046-827C-F4186D15E286}.Release|x86.ActiveCfg = Release|Any CPU
		{EF9950A0-BF0E-4046-827C-F4186D15E286}.Release|x86.Build.0 = Release|Any CPU
		{EF9950A0-BF0E-4046-827C-F4186D15E286}.TRONW8|Any CPU.ActiveCfg = Debug|Any CPU
		{EF9950A0-BF0E-4046-827C-F4186D15E286}.TRONW8|Any CPU.Build.0 = Debug|Any CPU
		{EF9950A0-BF0E-4046-827C-F4186D15E286}.TRONW8|x64.ActiveCfg = Debug|Any CPU
		{EF9950A0-BF0E-4046-827C-F4186D15E286}.TRONW8|x64.Build.0 = Debug|Any CPU
		{EF9950A0-BF0E-4046-827C-F4186D15E286}.TRONW8|x86.ActiveCfg = Debug|Any CPU
		{EF9950A0-BF0E-4046-827C-F4186D15E286}.TRONW8|x86.Build.0 = Debug|Any CPU
		{D7A74541-04C0-4172-8F17-C30C06290274}.A097921NYP|Any CPU.ActiveCfg = Debug|Any CPU
		{D7A74541-04C0-4172-8F17-C30C06290274}.A097921NYP|Any CPU.Build.0 = Debug|Any CPU
		{D7A74541-04C0-4172-8F17-C30C06290274}.A097921NYP|x64.ActiveCfg = Debug|Any CPU
		{D7A74541-04C0-4172-8F17-C30C06290274}.A097921NYP|x64.Build.0 = Debug|Any CPU
		{D7A74541-04C0-4172-8F17-C30C06290274}.A097921NYP|x86.ActiveCfg = Debug|Any CPU
		{D7A74541-04C0-4172-8F17-C30C06290274}.A097921NYP|x86.Build.0 = Debug|Any CPU
		{D7A74541-04C0-4172-8F17-C30C06290274}.All|Any CPU.ActiveCfg = Debug|Any CPU
		{D7A74541-04C0-4172-8F17-C30C06290274}.All|Any CPU.Build.0 = Debug|Any CPU
		{D7A74541-04C0-4172-8F17-C30C06290274}.All|x64.ActiveCfg = Debug|Any CPU
		{D7A74541-04C0-4172-8F17-C30C06290274}.All|x64.Build.0 = Debug|Any CPU
		{D7A74541-04C0-4172-8F17-C30C06290274}.All|x86.ActiveCfg = Debug|Any CPU
		{D7A74541-04C0-4172-8F17-C30C06290274}.All|x86.Build.0 = Debug|Any CPU
		{D7A74541-04C0-4172-8F17-C30C06290274}.Debug|Any CPU.ActiveCfg = Debug|Any CPU
		{D7A74541-04C0-4172-8F17-C30C06290274}.Debug|Any CPU.Build.0 = Debug|Any CPU
		{D7A74541-04C0-4172-8F17-C30C06290274}.Debug|x64.ActiveCfg = Debug|Any CPU
		{D7A74541-04C0-4172-8F17-C30C06290274}.Debug|x64.Build.0 = Debug|Any CPU
		{D7A74541-04C0-4172-8F17-C30C06290274}.Debug|x86.ActiveCfg = Debug|Any CPU
		{D7A74541-04C0-4172-8F17-C30C06290274}.Debug|x86.Build.0 = Debug|Any CPU
		{D7A74541-04C0-4172-8F17-C30C06290274}.iDev|Any CPU.ActiveCfg = Debug|Any CPU
		{D7A74541-04C0-4172-8F17-C30C06290274}.iDev|Any CPU.Build.0 = Debug|Any CPU
		{D7A74541-04C0-4172-8F17-C30C06290274}.iDev|x64.ActiveCfg = Debug|Any CPU
		{D7A74541-04C0-4172-8F17-C30C06290274}.iDev|x64.Build.0 = Debug|Any CPU
		{D7A74541-04C0-4172-8F17-C30C06290274}.iDev|x86.ActiveCfg = Debug|Any CPU
		{D7A74541-04C0-4172-8F17-C30C06290274}.iDev|x86.Build.0 = Debug|Any CPU
		{D7A74541-04C0-4172-8F17-C30C06290274}.Release|Any CPU.ActiveCfg = Release|Any CPU
		{D7A74541-04C0-4172-8F17-C30C06290274}.Release|Any CPU.Build.0 = Release|Any CPU
		{D7A74541-04C0-4172-8F17-C30C06290274}.Release|x64.ActiveCfg = Release|Any CPU
		{D7A74541-04C0-4172-8F17-C30C06290274}.Release|x64.Build.0 = Release|Any CPU
		{D7A74541-04C0-4172-8F17-C30C06290274}.Release|x86.ActiveCfg = Release|Any CPU
		{D7A74541-04C0-4172-8F17-C30C06290274}.Release|x86.Build.0 = Release|Any CPU
		{D7A74541-04C0-4172-8F17-C30C06290274}.TRONW8|Any CPU.ActiveCfg = Debug|Any CPU
		{D7A74541-04C0-4172-8F17-C30C06290274}.TRONW8|Any CPU.Build.0 = Debug|Any CPU
		{D7A74541-04C0-4172-8F17-C30C06290274}.TRONW8|x64.ActiveCfg = Debug|Any CPU
		{D7A74541-04C0-4172-8F17-C30C06290274}.TRONW8|x64.Build.0 = Debug|Any CPU
		{D7A74541-04C0-4172-8F17-C30C06290274}.TRONW8|x86.ActiveCfg = Debug|Any CPU
		{D7A74541-04C0-4172-8F17-C30C06290274}.TRONW8|x86.Build.0 = Debug|Any CPU
	EndGlobalSection
	GlobalSection(SolutionProperties) = preSolution
		HideSolutionNode = FALSE
	EndGlobalSection
	GlobalSection(ExtensibilityGlobals) = postSolution
		SolutionGuid = {C679957B-CBFE-4B15-8EF8-83CD8EAF8556}
	EndGlobalSection
EndGlobal
