
Microsoft Visual Studio Solution File, Format Version 12.00
# Visual Studio Version 16
VisualStudioVersion = 16.0.30717.126
MinimumVisualStudioVersion = 10.0.40219.1
Project("{FAE04EC0-301F-11D3-BF4B-00C04F79EFBC}") = "TestLoggingSimpleNF", "TestLoggingSimpleNF.csproj", "{CC4C34F2-82FC-4EB3-91AC-539DD75AA9C2}"
EndProject
Global
	GlobalSection(SolutionConfigurationPlatforms) = preSolution
		Debug|Any CPU = Debug|Any CPU
		Release|Any CPU = Release|Any CPU
	EndGlobalSection
	GlobalSection(ProjectConfigurationPlatforms) = postSolution
		{CC4C34F2-82FC-4EB3-91AC-539DD75AA9C2}.Debug|Any CPU.ActiveCfg = Debug|Any CPU
		{CC4C34F2-82FC-4EB3-91AC-539DD75AA9C2}.Debug|Any CPU.Build.0 = Debug|Any CPU
		{CC4C34F2-82FC-4EB3-91AC-539DD75AA9C2}.Release|Any CPU.ActiveCfg = Release|Any CPU
		{CC4C34F2-82FC-4EB3-91AC-539DD75AA9C2}.Release|Any CPU.Build.0 = Release|Any CPU
	EndGlobalSection
	GlobalSection(SolutionProperties) = preSolution
		HideSolutionNode = FALSE
	EndGlobalSection
	GlobalSection(ExtensibilityGlobals) = postSolution
		SolutionGuid = {8409AA47-D5F8-40F1-BB27-73E72C14326E}
	EndGlobalSection
EndGlobal
