
Microsoft Visual Studio Solution File, Format Version 12.00
# Visual Studio Version 16
VisualStudioVersion = 16.0.30717.126
MinimumVisualStudioVersion = 10.0.40219.1
Project("{9A19103F-16F7-4668-BE54-9A1E7A4F7556}") = "VNC.Logging", "VNC.Logging.csproj", "{D1336CE7-1CF4-4776-BD70-908A0D1AA81B}"
EndProject
Global
	GlobalSection(SolutionConfigurationPlatforms) = preSolution
		Debug|Any CPU = Debug|Any CPU
		Release|Any CPU = Release|Any CPU
	EndGlobalSection
	GlobalSection(ProjectConfigurationPlatforms) = postSolution
		{D1336CE7-1CF4-4776-BD70-908A0D1AA81B}.Debug|Any CPU.ActiveCfg = Debug|Any CPU
		{D1336CE7-1CF4-4776-BD70-908A0D1AA81B}.Debug|Any CPU.Build.0 = Debug|Any CPU
		{D1336CE7-1CF4-4776-BD70-908A0D1AA81B}.Release|Any CPU.ActiveCfg = Release|Any CPU
		{D1336CE7-1CF4-4776-BD70-908A0D1AA81B}.Release|Any CPU.Build.0 = Release|Any CPU
	EndGlobalSection
	GlobalSection(SolutionProperties) = preSolution
		HideSolutionNode = FALSE
	EndGlobalSection
	GlobalSection(ExtensibilityGlobals) = postSolution
		SolutionGuid = {E6C2E39D-545E-46B9-AB6B-8BB9C050426C}
	EndGlobalSection
EndGlobal
