
Microsoft Visual Studio Solution File, Format Version 12.00
# Visual Studio Version 17
VisualStudioVersion = 17.2.32630.192
MinimumVisualStudioVersion = 10.0.40219.1
Project("{2150E333-8FDC-42A3-9474-1A3956D46DE8}") = "AspNet", "AspNet", "{975FD63F-1077-4663-A788-849E0E9B0F09}"
EndProject
Project("{2150E333-8FDC-42A3-9474-1A3956D46DE8}") = "AspNetCore", "AspNetCore", "{99428029-8270-4D02-AAF9-8D587ADCC4B6}"
EndProject
Project("{9A19103F-16F7-4668-BE54-9A1E7A4F7556}") = "SignalRClient", "AspNet\SignalRClient\SignalRClient.csproj", "{CBE99584-463D-403B-89C5-2AAF7B0C8409}"
EndProject
Project("{9A19103F-16F7-4668-BE54-9A1E7A4F7556}") = "SignalRServerHub", "AspNet\SignalRServerHub\SignalRServerHub.csproj", "{F7750E03-E4FA-44B8-8882-BE3D865146F0}"
EndProject
Project("{9A19103F-16F7-4668-BE54-9A1E7A4F7556}") = "SignalRCoreClientWPF", "AspNetCore\SignalRCoreClientWPF\SignalRCoreClientWPF.csproj", "{62C80D67-0C5F-403A-B10F-68E2650DD30E}"
EndProject
Project("{9A19103F-16F7-4668-BE54-9A1E7A4F7556}") = "SignalRCoreServerHubWPF", "AspNetCore\SignalRCoreServerHubWPF\SignalRCoreServerHubWPF.csproj", "{F67CE3D1-F330-4E5D-B858-EE2BF28BC630}"
EndProject
Project("{9A19103F-16F7-4668-BE54-9A1E7A4F7556}") = "SignalRCoreClientWPF_RTB", "AspNetCore\SignalRCoreClientWPF_RTB\SignalRCoreClientWPF_RTB.csproj", "{41B6C387-F2D6-4FCE-B8D6-F14AEF1B1BB4}"
EndProject
Global
	GlobalSection(SolutionConfigurationPlatforms) = preSolution
		Debug|Any CPU = Debug|Any CPU
		Release|Any CPU = Release|Any CPU
	EndGlobalSection
	GlobalSection(ProjectConfigurationPlatforms) = postSolution
		{CBE99584-463D-403B-89C5-2AAF7B0C8409}.Debug|Any CPU.ActiveCfg = Debug|Any CPU
		{CBE99584-463D-403B-89C5-2AAF7B0C8409}.Debug|Any CPU.Build.0 = Debug|Any CPU
		{CBE99584-463D-403B-89C5-2AAF7B0C8409}.Release|Any CPU.ActiveCfg = Release|Any CPU
		{CBE99584-463D-403B-89C5-2AAF7B0C8409}.Release|Any CPU.Build.0 = Release|Any CPU
		{F7750E03-E4FA-44B8-8882-BE3D865146F0}.Debug|Any CPU.ActiveCfg = Debug|Any CPU
		{F7750E03-E4FA-44B8-8882-BE3D865146F0}.Debug|Any CPU.Build.0 = Debug|Any CPU
		{F7750E03-E4FA-44B8-8882-BE3D865146F0}.Release|Any CPU.ActiveCfg = Release|Any CPU
		{F7750E03-E4FA-44B8-8882-BE3D865146F0}.Release|Any CPU.Build.0 = Release|Any CPU
		{62C80D67-0C5F-403A-B10F-68E2650DD30E}.Debug|Any CPU.ActiveCfg = Debug|Any CPU
		{62C80D67-0C5F-403A-B10F-68E2650DD30E}.Debug|Any CPU.Build.0 = Debug|Any CPU
		{62C80D67-0C5F-403A-B10F-68E2650DD30E}.Release|Any CPU.ActiveCfg = Release|Any CPU
		{62C80D67-0C5F-403A-B10F-68E2650DD30E}.Release|Any CPU.Build.0 = Release|Any CPU
		{F67CE3D1-F330-4E5D-B858-EE2BF28BC630}.Debug|Any CPU.ActiveCfg = Debug|Any CPU
		{F67CE3D1-F330-4E5D-B858-EE2BF28BC630}.Debug|Any CPU.Build.0 = Debug|Any CPU
		{F67CE3D1-F330-4E5D-B858-EE2BF28BC630}.Release|Any CPU.ActiveCfg = Release|Any CPU
		{F67CE3D1-F330-4E5D-B858-EE2BF28BC630}.Release|Any CPU.Build.0 = Release|Any CPU
		{41B6C387-F2D6-4FCE-B8D6-F14AEF1B1BB4}.Debug|Any CPU.ActiveCfg = Debug|Any CPU
		{41B6C387-F2D6-4FCE-B8D6-F14AEF1B1BB4}.Debug|Any CPU.Build.0 = Debug|Any CPU
		{41B6C387-F2D6-4FCE-B8D6-F14AEF1B1BB4}.Release|Any CPU.ActiveCfg = Release|Any CPU
		{41B6C387-F2D6-4FCE-B8D6-F14AEF1B1BB4}.Release|Any CPU.Build.0 = Release|Any CPU
	EndGlobalSection
	GlobalSection(SolutionProperties) = preSolution
		HideSolutionNode = FALSE
	EndGlobalSection
	GlobalSection(NestedProjects) = preSolution
		{CBE99584-463D-403B-89C5-2AAF7B0C8409} = {975FD63F-1077-4663-A788-849E0E9B0F09}
		{F7750E03-E4FA-44B8-8882-BE3D865146F0} = {975FD63F-1077-4663-A788-849E0E9B0F09}
		{62C80D67-0C5F-403A-B10F-68E2650DD30E} = {99428029-8270-4D02-AAF9-8D587ADCC4B6}
		{F67CE3D1-F330-4E5D-B858-EE2BF28BC630} = {99428029-8270-4D02-AAF9-8D587ADCC4B6}
		{41B6C387-F2D6-4FCE-B8D6-F14AEF1B1BB4} = {99428029-8270-4D02-AAF9-8D587ADCC4B6}
	EndGlobalSection
	GlobalSection(ExtensibilityGlobals) = postSolution
		SolutionGuid = {DA541557-AC61-4CA8-BF5E-E100A1374A5E}
	EndGlobalSection
EndGlobal
