
Microsoft Visual Studio Solution File, Format Version 12.00
# Visual Studio Version 16
VisualStudioVersion = 16.0.30523.141
MinimumVisualStudioVersion = 10.0.40219.1
Project("{FAE04EC0-301F-11D3-BF4B-00C04F79EFBC}") = "VNC.SPHelper", "VNC.SPHelper.csproj", "{F86A373B-1AA5-4559-BBC4-DA22E31BF17D}"
EndProject
Global
	GlobalSection(SolutionConfigurationPlatforms) = preSolution
		All|Any CPU = All|Any CPU
		Debug|Any CPU = Debug|Any CPU
		Release|Any CPU = Release|Any CPU
	EndGlobalSection
	GlobalSection(ProjectConfigurationPlatforms) = postSolution
		{F86A373B-1AA5-4559-BBC4-DA22E31BF17D}.All|Any CPU.ActiveCfg = All|Any CPU
		{F86A373B-1AA5-4559-BBC4-DA22E31BF17D}.All|Any CPU.Build.0 = All|Any CPU
		{F86A373B-1AA5-4559-BBC4-DA22E31BF17D}.Debug|Any CPU.ActiveCfg = Debug|Any CPU
		{F86A373B-1AA5-4559-BBC4-DA22E31BF17D}.Debug|Any CPU.Build.0 = Debug|Any CPU
		{F86A373B-1AA5-4559-BBC4-DA22E31BF17D}.Release|Any CPU.ActiveCfg = Release|Any CPU
		{F86A373B-1AA5-4559-BBC4-DA22E31BF17D}.Release|Any CPU.Build.0 = Release|Any CPU
	EndGlobalSection
	GlobalSection(SolutionProperties) = preSolution
		HideSolutionNode = FALSE
	EndGlobalSection
	GlobalSection(ExtensibilityGlobals) = postSolution
		SolutionGuid = {F62249AB-BA4D-4AB7-BDE3-E2434F4FE246}
	EndGlobalSection
EndGlobal
